
Microsoft Visual Studio Solution File, Format Version 12.00
# Visual Studio Version 17
VisualStudioVersion = 17.6.33829.357
MinimumVisualStudioVersion = 10.0.40219.1
Project("{FAE04EC0-301F-11D3-BF4B-00C04F79EFBC}") = "TheQueue", "TheQueue\TheQueue.csproj", "{4696C8A5-00E2-40DE-AA0D-1D95C1DBC5CF}"
EndProject
Global
	GlobalSection(SolutionConfigurationPlatforms) = preSolution
		Debug|Any CPU = Debug|Any CPU
		Release|Any CPU = Release|Any CPU
	EndGlobalSection
	GlobalSection(ProjectConfigurationPlatforms) = postSolution
		{4696C8A5-00E2-40DE-AA0D-1D95C1DBC5CF}.Debug|Any CPU.ActiveCfg = Debug|Any CPU
		{4696C8A5-00E2-40DE-AA0D-1D95C1DBC5CF}.Debug|Any CPU.Build.0 = Debug|Any CPU
		{4696C8A5-00E2-40DE-AA0D-1D95C1DBC5CF}.Release|Any CPU.ActiveCfg = Release|Any CPU
		{4696C8A5-00E2-40DE-AA0D-1D95C1DBC5CF}.Release|Any CPU.Build.0 = Release|Any CPU
	EndGlobalSection
	GlobalSection(SolutionProperties) = preSolution
		HideSolutionNode = FALSE
	EndGlobalSection
	GlobalSection(ExtensibilityGlobals) = postSolution
		SolutionGuid = {639C1374-30AC-4073-99B0-001B105BB2E3}
	EndGlobalSection
EndGlobal
